
Microsoft Visual Studio Solution File, Format Version 12.00
Project("{FAE04EC0-301F-11D3-BF4B-00C04F79EFBC}") = "APBD-Cw6-s33613", "APBD-Cw6-s33613\APBD-Cw6-s33613.csproj", "{AFC6048E-C52E-46D7-AABF-4B3B919217D9}"
EndProject
Global
	GlobalSection(SolutionConfigurationPlatforms) = preSolution
		Debug|Any CPU = Debug|Any CPU
		Release|Any CPU = Release|Any CPU
	EndGlobalSection
	GlobalSection(ProjectConfigurationPlatforms) = postSolution
		{AFC6048E-C52E-46D7-AABF-4B3B919217D9}.Debug|Any CPU.ActiveCfg = Debug|Any CPU
		{AFC6048E-C52E-46D7-AABF-4B3B919217D9}.Debug|Any CPU.Build.0 = Debug|Any CPU
		{AFC6048E-C52E-46D7-AABF-4B3B919217D9}.Release|Any CPU.ActiveCfg = Release|Any CPU
		{AFC6048E-C52E-46D7-AABF-4B3B919217D9}.Release|Any CPU.Build.0 = Release|Any CPU
	EndGlobalSection
EndGlobal
